# Code generated by scarb DO NOT EDIT.
version = 1

[[package]]
name = "dojo"
version = "0.3.2"
source = "git+https://github.com/dojoengine/dojo?tag=v0.3.2#a0fa1ad96fb98c088be05da6178f43217891c8c6"
dependencies = [
 "dojo_plugin",
]

[[package]]
name = "dojo_plugin"
version = "0.3.2"

[[package]]
name = "openzeppelin"
version = "0.8.0-rc.0"
source = "git+https://github.com/OpenZeppelin/cairo-contracts.git?tag=v0.8.0-rc.0#a8edfb80987c9b2e758e5e4d6763b8f8789d3e94"

[[package]]
name = "realmsrisingrevenant"
version = "0.1.0"
dependencies = [
 "dojo",
 "openzeppelin",
]
